
Microsoft Visual Studio Solution File, Format Version 12.00
# Visual Studio Version 16
VisualStudioVersion = 16.0.30114.105
MinimumVisualStudioVersion = 10.0.40219.1
Project("{FAE04EC0-301F-11D3-BF4B-00C04F79EFBC}") = "ReadingListApi.PuppeteerSharp", "ReadingListApi.PuppeteerSharp\ReadingListApi.PuppeteerSharp.csproj", "{E6F71BD5-5423-4DF6-AC6B-F9A10D5753A8}"
EndProject
Project("{FAE04EC0-301F-11D3-BF4B-00C04F79EFBC}") = "ReadingListApi.Selenium", "ReadingListApi.Selenium\ReadingListApi.Selenium.csproj", "{9765E911-A7FF-49C1-A9EA-87E55466B120}"
EndProject
Project("{FAE04EC0-301F-11D3-BF4B-00C04F79EFBC}") = "ReadingListApi.Playwright", "ReadingListApi.Playwright\ReadingListApi.Playwright.csproj", "{EA1EBB12-655A-4938-802A-D803E88167A3}"
EndProject
Project("{FAE04EC0-301F-11D3-BF4B-00C04F79EFBC}") = "ReadingListApi.Urlbox", "ReadingListApi.Urlbox\ReadingListApi.Urlbox.csproj", "{0B16237F-B890-4F24-80D9-6F5E7BC78114}"
EndProject
Project("{FAE04EC0-301F-11D3-BF4B-00C04F79EFBC}") = "ReadingListApi.UrlboxWebhooks", "ReadingListApi.UrlboxWebhooks\ReadingListApi.UrlboxWebhooks.csproj", "{0B1E1654-FF7E-4435-8BA1-131BE2C8001F}"
EndProject
Global
	GlobalSection(SolutionConfigurationPlatforms) = preSolution
		Debug|Any CPU = Debug|Any CPU
		Release|Any CPU = Release|Any CPU
	EndGlobalSection
	GlobalSection(SolutionProperties) = preSolution
		HideSolutionNode = FALSE
	EndGlobalSection
	GlobalSection(ProjectConfigurationPlatforms) = postSolution
		{E6F71BD5-5423-4DF6-AC6B-F9A10D5753A8}.Debug|Any CPU.ActiveCfg = Debug|Any CPU
		{E6F71BD5-5423-4DF6-AC6B-F9A10D5753A8}.Debug|Any CPU.Build.0 = Debug|Any CPU
		{E6F71BD5-5423-4DF6-AC6B-F9A10D5753A8}.Release|Any CPU.ActiveCfg = Release|Any CPU
		{E6F71BD5-5423-4DF6-AC6B-F9A10D5753A8}.Release|Any CPU.Build.0 = Release|Any CPU
		{9765E911-A7FF-49C1-A9EA-87E55466B120}.Debug|Any CPU.ActiveCfg = Debug|Any CPU
		{9765E911-A7FF-49C1-A9EA-87E55466B120}.Debug|Any CPU.Build.0 = Debug|Any CPU
		{9765E911-A7FF-49C1-A9EA-87E55466B120}.Release|Any CPU.ActiveCfg = Release|Any CPU
		{9765E911-A7FF-49C1-A9EA-87E55466B120}.Release|Any CPU.Build.0 = Release|Any CPU
		{EA1EBB12-655A-4938-802A-D803E88167A3}.Debug|Any CPU.ActiveCfg = Debug|Any CPU
		{EA1EBB12-655A-4938-802A-D803E88167A3}.Debug|Any CPU.Build.0 = Debug|Any CPU
		{EA1EBB12-655A-4938-802A-D803E88167A3}.Release|Any CPU.ActiveCfg = Release|Any CPU
		{EA1EBB12-655A-4938-802A-D803E88167A3}.Release|Any CPU.Build.0 = Release|Any CPU
		{0B16237F-B890-4F24-80D9-6F5E7BC78114}.Debug|Any CPU.ActiveCfg = Debug|Any CPU
		{0B16237F-B890-4F24-80D9-6F5E7BC78114}.Debug|Any CPU.Build.0 = Debug|Any CPU
		{0B16237F-B890-4F24-80D9-6F5E7BC78114}.Release|Any CPU.ActiveCfg = Release|Any CPU
		{0B16237F-B890-4F24-80D9-6F5E7BC78114}.Release|Any CPU.Build.0 = Release|Any CPU
		{0B1E1654-FF7E-4435-8BA1-131BE2C8001F}.Debug|Any CPU.ActiveCfg = Debug|Any CPU
		{0B1E1654-FF7E-4435-8BA1-131BE2C8001F}.Debug|Any CPU.Build.0 = Debug|Any CPU
		{0B1E1654-FF7E-4435-8BA1-131BE2C8001F}.Release|Any CPU.ActiveCfg = Release|Any CPU
		{0B1E1654-FF7E-4435-8BA1-131BE2C8001F}.Release|Any CPU.Build.0 = Release|Any CPU
	EndGlobalSection
EndGlobal
